# This file is autogenerated, do not edit; changes may be undone by the next 'dep ensure'.


[[projects]]
  branch = "master"
  digest = "1:e307126636dff23d73e1aa30f6cb117ce76f493548c62ff0e7633f903c9172aa"
  name = "github.com/afex/hystrix-go"
  packages = [
    "hystrix",
    "hystrix/metric_collector",
    "hystrix/rolling",
  ]
  pruneopts = "UT"
  revision = "fa1af6a1f4f56e0e50d427fe901cd604d8c6fb8a"

[[projects]]
  digest = "1:bf618941b014c2a86e4a6f39d4a26541c06fc63387fc50d4694d67eac2151f4a"
  name = "github.com/labstack/echo"
  packages = ["."]
  pruneopts = "UT"
  revision = "38772c686c76b501f94bd6cd5b77f5842e93b559"
  version = "v3.3.10"

[[projects]]
  digest = "1:01eb0269028d3c2e21b5b6cd9b1ba81bc4170ab293fcffa84e3aa3a6138a92e8"
  name = "github.com/labstack/gommon"
  packages = [
    "color",
    "log",
  ]
  pruneopts = "UT"
  revision = "7fd9f68ece0bcb1a905fac8f1549f0083f71c51b"
  version = "v0.2.8"

[[projects]]
  digest = "1:0f96ec4151a24d7bfd4298fc13cc320a000e31b4e5431cf88e3ffc961db846fd"
  name = "github.com/mattn/go-colorable"
  packages = ["."]
  pruneopts = "UT"
  revision = "efa589957cd060542a26d2dd7832fd6a6c6c3ade"
  version = "v0.1.0"

[[projects]]
  digest = "1:0981502f9816113c9c8c4ac301583841855c8cf4da8c72f696b3ebedf6d0e4e5"
  name = "github.com/mattn/go-isatty"
  packages = ["."]
  pruneopts = "UT"
  revision = "6ca4dbf54d38eea1a992b3c722a76a5d1c4cb25c"
  version = "v0.0.4"

[[projects]]
  digest = "1:c468422f334a6b46a19448ad59aaffdfc0a36b08fdcc1c749a0b29b6453d7e59"
  name = "github.com/valyala/bytebufferpool"
  packages = ["."]
  pruneopts = "UT"
  revision = "e746df99fe4a3986f4d4f79e13c1e0117ce9c2f7"
  version = "v1.0.0"

[[projects]]
  branch = "master"
  digest = "1:268b8bce0064e8c057d7b913605459f9a26dcab864c0886a56d196540fbf003f"
  name = "github.com/valyala/fasttemplate"
  packages = ["."]
  pruneopts = "UT"
  revision = "dcecefd839c4193db0d35b88ec65b4c12d360ab0"

[[projects]]
  branch = "master"
  digest = "1:520c8ed6c442eed074caf8c1d874d2b0241edbe59729199f6bdf1db99f2ccb9f"
  name = "golang.org/x/crypto"
  packages = [
    "acme",
    "acme/autocert",
  ]
  pruneopts = "UT"
  revision = "74369b46fc6756741c016591724fd1cb8e26845f"

[[projects]]
  branch = "master"
  digest = "1:8b466798e96432c23185ca32826702885299f94eb644c9a8dedb79771dff383a"
  name = "golang.org/x/sys"
  packages = ["unix"]
  pruneopts = "UT"
  revision = "3b5209105503162ded1863c307ac66fec31120dd"

[solve-meta]
  analyzer-name = "dep"
  analyzer-version = 1
  input-imports = [
    "github.com/afex/hystrix-go/hystrix",
    "github.com/labstack/echo",
  ]
  solver-name = "gps-cdcl"
  solver-version = 1
